
Microsoft Visual Studio Solution File, Format Version 12.00
# Visual Studio Version 17
VisualStudioVersion = 17.6.33815.320
MinimumVisualStudioVersion = 10.0.40219.1
Project("{9A19103F-16F7-4668-BE54-9A1E7A4F7556}") = "ReservacionHoteles", "ReservacionHoteles\ReservacionHoteles.csproj", "{BCE58099-0895-404A-993A-844DE6043861}"
EndProject
Global
	GlobalSection(SolutionConfigurationPlatforms) = preSolution
		Debug|Any CPU = Debug|Any CPU
		Release|Any CPU = Release|Any CPU
	EndGlobalSection
	GlobalSection(ProjectConfigurationPlatforms) = postSolution
		{BCE58099-0895-404A-993A-844DE6043861}.Debug|Any CPU.ActiveCfg = Debug|Any CPU
		{BCE58099-0895-404A-993A-844DE6043861}.Debug|Any CPU.Build.0 = Debug|Any CPU
		{BCE58099-0895-404A-993A-844DE6043861}.Release|Any CPU.ActiveCfg = Release|Any CPU
		{BCE58099-0895-404A-993A-844DE6043861}.Release|Any CPU.Build.0 = Release|Any CPU
	EndGlobalSection
	GlobalSection(SolutionProperties) = preSolution
		HideSolutionNode = FALSE
	EndGlobalSection
	GlobalSection(ExtensibilityGlobals) = postSolution
		SolutionGuid = {FCA3AF6A-E4E5-44E0-8CF7-D16D1CEA24CD}
	EndGlobalSection
EndGlobal
